PODS:
  - Kanna (2.0.0)
  - UIColor_Hex_Swift (3.0.2)

DEPENDENCIES:
  - Kanna (~> 2.0.0)
  - UIColor_Hex_Swift (~> 3.0.2)

SPEC CHECKSUMS:
  Kanna: 9a6637f72f5c77fe9c045b1efb2a5bb074754af8
  UIColor_Hex_Swift: 95f718452092a3efc8a827dffd2c04d3237be02d

PODFILE CHECKSUM: 10d67e29e0729a3c4d8645b67594b6aed96fd3c4

COCOAPODS: 1.1.1
